
Microsoft Visual Studio Solution File, Format Version 12.00
# Visual Studio 2013
VisualStudioVersion = 12.0.21005.1
MinimumVisualStudioVersion = 10.0.40219.1
Project("{FAE04EC0-301F-11D3-BF4B-00C04F79EFBC}") = "MonopolyKata", "MonopolyKata\MonopolyKata.csproj", "{839DC30B-9C84-44EF-B5ED-E73584CF5A12}"
EndProject
Project("{FAE04EC0-301F-11D3-BF4B-00C04F79EFBC}") = "MonopolyKataTests", "MonopolyKataTests\MonopolyKataTests.csproj", "{A86AF00C-B679-4A9E-B7AB-7F084F95E565}"
EndProject
Global
	GlobalSection(SolutionConfigurationPlatforms) = preSolution
		Debug|Any CPU = Debug|Any CPU
		Release|Any CPU = Release|Any CPU
	EndGlobalSection
	GlobalSection(ProjectConfigurationPlatforms) = postSolution
		{839DC30B-9C84-44EF-B5ED-E73584CF5A12}.Debug|Any CPU.ActiveCfg = Debug|Any CPU
		{839DC30B-9C84-44EF-B5ED-E73584CF5A12}.Debug|Any CPU.Build.0 = Debug|Any CPU
		{839DC30B-9C84-44EF-B5ED-E73584CF5A12}.Release|Any CPU.ActiveCfg = Release|Any CPU
		{839DC30B-9C84-44EF-B5ED-E73584CF5A12}.Release|Any CPU.Build.0 = Release|Any CPU
		{A86AF00C-B679-4A9E-B7AB-7F084F95E565}.Debug|Any CPU.ActiveCfg = Debug|Any CPU
		{A86AF00C-B679-4A9E-B7AB-7F084F95E565}.Debug|Any CPU.Build.0 = Debug|Any CPU
		{A86AF00C-B679-4A9E-B7AB-7F084F95E565}.Release|Any CPU.ActiveCfg = Release|Any CPU
		{A86AF00C-B679-4A9E-B7AB-7F084F95E565}.Release|Any CPU.Build.0 = Release|Any CPU
	EndGlobalSection
	GlobalSection(SolutionProperties) = preSolution
		HideSolutionNode = FALSE
	EndGlobalSection
EndGlobal
